{
  "nodes": {
    "flake-utils": {
      "locked": {
        "lastModified": 1610051610,
        "narHash": "sha256-U9rPz/usA1/Aohhk7Cmc2gBrEEKRzcW4nwPWMPwja4Y=",
        "owner": "numtide",
        "repo": "flake-utils",
        "rev": "3982c9903e93927c2164caa727cd3f6a0e6d14cc",
        "type": "github"
      },
      "original": {
        "owner": "numtide",
        "repo": "flake-utils",
        "type": "github"
      }
    },
    "flake-utils_2": {
      "locked": {
        "lastModified": 1610051610,
        "narHash": "sha256-U9rPz/usA1/Aohhk7Cmc2gBrEEKRzcW4nwPWMPwja4Y=",
        "owner": "numtide",
        "repo": "flake-utils",
        "rev": "3982c9903e93927c2164caa727cd3f6a0e6d14cc",
        "type": "github"
      },
      "original": {
        "owner": "numtide",
        "repo": "flake-utils",
        "type": "github"
      }
    },
    "nix-parsec": {
      "locked": {
        "lastModified": 1614150306,
        "narHash": "sha256-h5fZgIhwvekg5WTNDdrV5EJ4zxXvlSqITmPVuz/OM+w=",
        "owner": "nprindle",
        "repo": "nix-parsec",
        "rev": "a28e73fce98227cc46edfdbb8518697c0982e034",
        "type": "github"
      },
      "original": {
        "owner": "nprindle",
        "repo": "nix-parsec",
        "type": "github"
      }
    },
    "nix-setuptools": {
      "inputs": {
        "flake-utils": "flake-utils_2",
        "nix-parsec": "nix-parsec",
        "nixpkgs": "nixpkgs"
      },
      "locked": {
        "lastModified": 1614170773,
        "narHash": "sha256-Xxfm4kSnMuFFlcJNT48l7sBjsYaaTIW98Rv6rCk0QbI=",
        "owner": "seppeljordan",
        "repo": "nix-setuptools",
        "rev": "2e7cdf770fdeed550208e0c001579472a14ce7e1",
        "type": "github"
      },
      "original": {
        "owner": "seppeljordan",
        "repo": "nix-setuptools",
        "type": "github"
      }
    },
    "nixpkgs": {
      "locked": {
        "lastModified": 1614029319,
        "narHash": "sha256-PXu4Vf05f3E2vpl7/Iop/O+gw655O3SONYVFxbl0kuc=",
        "owner": "NixOS",
        "repo": "nixpkgs",
        "rev": "c7d0dbe094c988209edac801eb2a0cc21aa498d8",
        "type": "github"
      },
      "original": {
        "id": "nixpkgs",
        "type": "indirect"
      }
    },
    "nixpkgs_2": {
      "locked": {
        "lastModified": 1614029319,
        "narHash": "sha256-PXu4Vf05f3E2vpl7/Iop/O+gw655O3SONYVFxbl0kuc=",
        "owner": "NixOS",
        "repo": "nixpkgs",
        "rev": "c7d0dbe094c988209edac801eb2a0cc21aa498d8",
        "type": "github"
      },
      "original": {
        "owner": "NixOS",
        "ref": "nixos-unstable",
        "repo": "nixpkgs",
        "type": "github"
      }
    },
    "root": {
      "inputs": {
        "flake-utils": "flake-utils",
        "nix-setuptools": "nix-setuptools",
        "nixpkgs": "nixpkgs_2"
      }
    }
  },
  "root": "root",
  "version": 7
}
